
Microsoft Visual Studio Solution File, Format Version 11.00
# Visual Studio 2010
Project("{FAE04EC0-301F-11D3-BF4B-00C04F79EFBC}") = "TechResearchPlatform", "TechResearchPlatform\TechResearchPlatform.csproj", "{457F83E0-D70E-483A-B386-9A794F3BEA62}"
EndProject
Project("{FAE04EC0-301F-11D3-BF4B-00C04F79EFBC}") = "TestHashTable", "TestHashTable\TestHashTable.csproj", "{4CED91B5-7DA3-4BE7-B85E-9298CF19FCC3}"
EndProject
Project("{F088123C-0E9E-452A-89E6-6BA2F21D5CAC}") = "ModelingProject", "ModelingProject\ModelingProject.modelproj", "{EDA0B6FF-6D00-4BB7-B6DF-73F16089B711}"
EndProject
Project("{FAE04EC0-301F-11D3-BF4B-00C04F79EFBC}") = "PDenpendency", "PDenpendency\PDenpendency.csproj", "{21DBB7C1-C30C-45F2-94DE-EFA8C3E61D2B}"
EndProject
Project("{FAE04EC0-301F-11D3-BF4B-00C04F79EFBC}") = "DeSerialization", "DeSerialization\DeSerialization.csproj", "{A31B774D-4A38-4370-9765-B38144CB4505}"
EndProject
Project("{FAE04EC0-301F-11D3-BF4B-00C04F79EFBC}") = "MessageBox", "MessageBox\MessageBox.csproj", "{823EB74F-4993-445B-AB4C-519C6B3DC9AE}"
EndProject
Project("{FAE04EC0-301F-11D3-BF4B-00C04F79EFBC}") = "ScrollBar", "ScrollBar\ScrollBar.csproj", "{791FE560-BAAB-42B6-8435-9CDF739C849F}"
EndProject
Project("{FAE04EC0-301F-11D3-BF4B-00C04F79EFBC}") = "BaseUserControlLoaded", "BaseUserControlLoaded\BaseUserControlLoaded.csproj", "{77B0F5CD-AA9C-438C-A691-ECDD9C8215F3}"
EndProject
Project("{FAE04EC0-301F-11D3-BF4B-00C04F79EFBC}") = "Base64Decode", "Base64Decode\Base64Decode.csproj", "{24936306-A24D-4CCE-91A0-C6C5563D2211}"
EndProject
Project("{FAE04EC0-301F-11D3-BF4B-00C04F79EFBC}") = "PanelVisible", "PanelVisible\PanelVisible.csproj", "{BAAF0060-79DE-4203-9238-70305FFF8C2A}"
EndProject
Project("{FAE04EC0-301F-11D3-BF4B-00C04F79EFBC}") = "XElementTester", "XElementTester\XElementTester.csproj", "{0714A2B4-4402-489E-826D-305BCD9670FD}"
EndProject
Project("{FAE04EC0-301F-11D3-BF4B-00C04F79EFBC}") = "TriggerOpcity", "TriggerOpcity\TriggerOpcity.csproj", "{292F24C4-9986-495B-AEBE-746AC421A401}"
EndProject
Project("{FAE04EC0-301F-11D3-BF4B-00C04F79EFBC}") = "TreeViewTester", "TreeViewTester\TreeViewTester.csproj", "{581F48D5-1E30-4B1A-BA35-24663D2CF371}"
EndProject
Project("{FAE04EC0-301F-11D3-BF4B-00C04F79EFBC}") = "MVVMWithouPrism", "MVVMWithouPrism\MVVMWithouPrism.csproj", "{AE76D2C5-168C-446B-BABE-D5F93049876E}"
EndProject
Project("{FAE04EC0-301F-11D3-BF4B-00C04F79EFBC}") = "ReflectionOtherWin", "ReflectionOtherWin\ReflectionOtherWin.csproj", "{4ED44189-D208-44FE-88E1-2B6E1F5BA5FE}"
EndProject
Project("{FAE04EC0-301F-11D3-BF4B-00C04F79EFBC}") = "DataGridBinding", "DataGridBinding\DataGridBinding.csproj", "{01C0BF89-9F06-471A-A4BC-A4C7D0158AC1}"
EndProject
Project("{FAE04EC0-301F-11D3-BF4B-00C04F79EFBC}") = "DpChanged", "DpChanged\DpChanged.csproj", "{7BA52E20-FC12-4690-8A50-4969C815590C}"
EndProject
Global
	GlobalSection(SolutionConfigurationPlatforms) = preSolution
		Debug|Any CPU = Debug|Any CPU
		Debug|Mixed Platforms = Debug|Mixed Platforms
		Debug|x86 = Debug|x86
		Release|Any CPU = Release|Any CPU
		Release|Mixed Platforms = Release|Mixed Platforms
		Release|x86 = Release|x86
	EndGlobalSection
	GlobalSection(ProjectConfigurationPlatforms) = postSolution
		{457F83E0-D70E-483A-B386-9A794F3BEA62}.Debug|Any CPU.ActiveCfg = Debug|x86
		{457F83E0-D70E-483A-B386-9A794F3BEA62}.Debug|Mixed Platforms.ActiveCfg = Debug|x86
		{457F83E0-D70E-483A-B386-9A794F3BEA62}.Debug|Mixed Platforms.Build.0 = Debug|x86
		{457F83E0-D70E-483A-B386-9A794F3BEA62}.Debug|x86.ActiveCfg = Debug|x86
		{457F83E0-D70E-483A-B386-9A794F3BEA62}.Debug|x86.Build.0 = Debug|x86
		{457F83E0-D70E-483A-B386-9A794F3BEA62}.Release|Any CPU.ActiveCfg = Release|x86
		{457F83E0-D70E-483A-B386-9A794F3BEA62}.Release|Mixed Platforms.ActiveCfg = Release|x86
		{457F83E0-D70E-483A-B386-9A794F3BEA62}.Release|Mixed Platforms.Build.0 = Release|x86
		{457F83E0-D70E-483A-B386-9A794F3BEA62}.Release|x86.ActiveCfg = Release|x86
		{457F83E0-D70E-483A-B386-9A794F3BEA62}.Release|x86.Build.0 = Release|x86
		{4CED91B5-7DA3-4BE7-B85E-9298CF19FCC3}.Debug|Any CPU.ActiveCfg = Debug|Any CPU
		{4CED91B5-7DA3-4BE7-B85E-9298CF19FCC3}.Debug|Any CPU.Build.0 = Debug|Any CPU
		{4CED91B5-7DA3-4BE7-B85E-9298CF19FCC3}.Debug|Mixed Platforms.ActiveCfg = Debug|Any CPU
		{4CED91B5-7DA3-4BE7-B85E-9298CF19FCC3}.Debug|Mixed Platforms.Build.0 = Debug|Any CPU
		{4CED91B5-7DA3-4BE7-B85E-9298CF19FCC3}.Debug|x86.ActiveCfg = Debug|Any CPU
		{4CED91B5-7DA3-4BE7-B85E-9298CF19FCC3}.Release|Any CPU.ActiveCfg = Release|Any CPU
		{4CED91B5-7DA3-4BE7-B85E-9298CF19FCC3}.Release|Any CPU.Build.0 = Release|Any CPU
		{4CED91B5-7DA3-4BE7-B85E-9298CF19FCC3}.Release|Mixed Platforms.ActiveCfg = Release|Any CPU
		{4CED91B5-7DA3-4BE7-B85E-9298CF19FCC3}.Release|Mixed Platforms.Build.0 = Release|Any CPU
		{4CED91B5-7DA3-4BE7-B85E-9298CF19FCC3}.Release|x86.ActiveCfg = Release|Any CPU
		{EDA0B6FF-6D00-4BB7-B6DF-73F16089B711}.Debug|Any CPU.ActiveCfg = Debug|Any CPU
		{EDA0B6FF-6D00-4BB7-B6DF-73F16089B711}.Debug|Any CPU.Build.0 = Debug|Any CPU
		{EDA0B6FF-6D00-4BB7-B6DF-73F16089B711}.Debug|Mixed Platforms.ActiveCfg = Debug|Any CPU
		{EDA0B6FF-6D00-4BB7-B6DF-73F16089B711}.Debug|Mixed Platforms.Build.0 = Debug|Any CPU
		{EDA0B6FF-6D00-4BB7-B6DF-73F16089B711}.Debug|x86.ActiveCfg = Debug|Any CPU
		{EDA0B6FF-6D00-4BB7-B6DF-73F16089B711}.Release|Any CPU.ActiveCfg = Release|Any CPU
		{EDA0B6FF-6D00-4BB7-B6DF-73F16089B711}.Release|Any CPU.Build.0 = Release|Any CPU
		{EDA0B6FF-6D00-4BB7-B6DF-73F16089B711}.Release|Mixed Platforms.ActiveCfg = Release|Any CPU
		{EDA0B6FF-6D00-4BB7-B6DF-73F16089B711}.Release|Mixed Platforms.Build.0 = Release|Any CPU
		{EDA0B6FF-6D00-4BB7-B6DF-73F16089B711}.Release|x86.ActiveCfg = Release|Any CPU
		{21DBB7C1-C30C-45F2-94DE-EFA8C3E61D2B}.Debug|Any CPU.ActiveCfg = Debug|x86
		{21DBB7C1-C30C-45F2-94DE-EFA8C3E61D2B}.Debug|Mixed Platforms.ActiveCfg = Debug|x86
		{21DBB7C1-C30C-45F2-94DE-EFA8C3E61D2B}.Debug|Mixed Platforms.Build.0 = Debug|x86
		{21DBB7C1-C30C-45F2-94DE-EFA8C3E61D2B}.Debug|x86.ActiveCfg = Debug|x86
		{21DBB7C1-C30C-45F2-94DE-EFA8C3E61D2B}.Debug|x86.Build.0 = Debug|x86
		{21DBB7C1-C30C-45F2-94DE-EFA8C3E61D2B}.Release|Any CPU.ActiveCfg = Release|x86
		{21DBB7C1-C30C-45F2-94DE-EFA8C3E61D2B}.Release|Mixed Platforms.ActiveCfg = Release|x86
		{21DBB7C1-C30C-45F2-94DE-EFA8C3E61D2B}.Release|Mixed Platforms.Build.0 = Release|x86
		{21DBB7C1-C30C-45F2-94DE-EFA8C3E61D2B}.Release|x86.ActiveCfg = Release|x86
		{21DBB7C1-C30C-45F2-94DE-EFA8C3E61D2B}.Release|x86.Build.0 = Release|x86
		{A31B774D-4A38-4370-9765-B38144CB4505}.Debug|Any CPU.ActiveCfg = Debug|x86
		{A31B774D-4A38-4370-9765-B38144CB4505}.Debug|Mixed Platforms.ActiveCfg = Debug|x86
		{A31B774D-4A38-4370-9765-B38144CB4505}.Debug|Mixed Platforms.Build.0 = Debug|x86
		{A31B774D-4A38-4370-9765-B38144CB4505}.Debug|x86.ActiveCfg = Debug|x86
		{A31B774D-4A38-4370-9765-B38144CB4505}.Debug|x86.Build.0 = Debug|x86
		{A31B774D-4A38-4370-9765-B38144CB4505}.Release|Any CPU.ActiveCfg = Release|x86
		{A31B774D-4A38-4370-9765-B38144CB4505}.Release|Mixed Platforms.ActiveCfg = Release|x86
		{A31B774D-4A38-4370-9765-B38144CB4505}.Release|Mixed Platforms.Build.0 = Release|x86
		{A31B774D-4A38-4370-9765-B38144CB4505}.Release|x86.ActiveCfg = Release|x86
		{A31B774D-4A38-4370-9765-B38144CB4505}.Release|x86.Build.0 = Release|x86
		{823EB74F-4993-445B-AB4C-519C6B3DC9AE}.Debug|Any CPU.ActiveCfg = Debug|x86
		{823EB74F-4993-445B-AB4C-519C6B3DC9AE}.Debug|Mixed Platforms.ActiveCfg = Debug|x86
		{823EB74F-4993-445B-AB4C-519C6B3DC9AE}.Debug|Mixed Platforms.Build.0 = Debug|x86
		{823EB74F-4993-445B-AB4C-519C6B3DC9AE}.Debug|x86.ActiveCfg = Debug|x86
		{823EB74F-4993-445B-AB4C-519C6B3DC9AE}.Debug|x86.Build.0 = Debug|x86
		{823EB74F-4993-445B-AB4C-519C6B3DC9AE}.Release|Any CPU.ActiveCfg = Release|x86
		{823EB74F-4993-445B-AB4C-519C6B3DC9AE}.Release|Mixed Platforms.ActiveCfg = Release|x86
		{823EB74F-4993-445B-AB4C-519C6B3DC9AE}.Release|Mixed Platforms.Build.0 = Release|x86
		{823EB74F-4993-445B-AB4C-519C6B3DC9AE}.Release|x86.ActiveCfg = Release|x86
		{823EB74F-4993-445B-AB4C-519C6B3DC9AE}.Release|x86.Build.0 = Release|x86
		{791FE560-BAAB-42B6-8435-9CDF739C849F}.Debug|Any CPU.ActiveCfg = Debug|x86
		{791FE560-BAAB-42B6-8435-9CDF739C849F}.Debug|Mixed Platforms.ActiveCfg = Debug|x86
		{791FE560-BAAB-42B6-8435-9CDF739C849F}.Debug|Mixed Platforms.Build.0 = Debug|x86
		{791FE560-BAAB-42B6-8435-9CDF739C849F}.Debug|x86.ActiveCfg = Debug|x86
		{791FE560-BAAB-42B6-8435-9CDF739C849F}.Debug|x86.Build.0 = Debug|x86
		{791FE560-BAAB-42B6-8435-9CDF739C849F}.Release|Any CPU.ActiveCfg = Release|x86
		{791FE560-BAAB-42B6-8435-9CDF739C849F}.Release|Mixed Platforms.ActiveCfg = Release|x86
		{791FE560-BAAB-42B6-8435-9CDF739C849F}.Release|Mixed Platforms.Build.0 = Release|x86
		{791FE560-BAAB-42B6-8435-9CDF739C849F}.Release|x86.ActiveCfg = Release|x86
		{791FE560-BAAB-42B6-8435-9CDF739C849F}.Release|x86.Build.0 = Release|x86
		{77B0F5CD-AA9C-438C-A691-ECDD9C8215F3}.Debug|Any CPU.ActiveCfg = Debug|x86
		{77B0F5CD-AA9C-438C-A691-ECDD9C8215F3}.Debug|Mixed Platforms.ActiveCfg = Debug|x86
		{77B0F5CD-AA9C-438C-A691-ECDD9C8215F3}.Debug|Mixed Platforms.Build.0 = Debug|x86
		{77B0F5CD-AA9C-438C-A691-ECDD9C8215F3}.Debug|x86.ActiveCfg = Debug|x86
		{77B0F5CD-AA9C-438C-A691-ECDD9C8215F3}.Debug|x86.Build.0 = Debug|x86
		{77B0F5CD-AA9C-438C-A691-ECDD9C8215F3}.Release|Any CPU.ActiveCfg = Release|x86
		{77B0F5CD-AA9C-438C-A691-ECDD9C8215F3}.Release|Mixed Platforms.ActiveCfg = Release|x86
		{77B0F5CD-AA9C-438C-A691-ECDD9C8215F3}.Release|Mixed Platforms.Build.0 = Release|x86
		{77B0F5CD-AA9C-438C-A691-ECDD9C8215F3}.Release|x86.ActiveCfg = Release|x86
		{77B0F5CD-AA9C-438C-A691-ECDD9C8215F3}.Release|x86.Build.0 = Release|x86
		{24936306-A24D-4CCE-91A0-C6C5563D2211}.Debug|Any CPU.ActiveCfg = Debug|x86
		{24936306-A24D-4CCE-91A0-C6C5563D2211}.Debug|Mixed Platforms.ActiveCfg = Debug|x86
		{24936306-A24D-4CCE-91A0-C6C5563D2211}.Debug|Mixed Platforms.Build.0 = Debug|x86
		{24936306-A24D-4CCE-91A0-C6C5563D2211}.Debug|x86.ActiveCfg = Debug|x86
		{24936306-A24D-4CCE-91A0-C6C5563D2211}.Debug|x86.Build.0 = Debug|x86
		{24936306-A24D-4CCE-91A0-C6C5563D2211}.Release|Any CPU.ActiveCfg = Release|x86
		{24936306-A24D-4CCE-91A0-C6C5563D2211}.Release|Mixed Platforms.ActiveCfg = Release|x86
		{24936306-A24D-4CCE-91A0-C6C5563D2211}.Release|Mixed Platforms.Build.0 = Release|x86
		{24936306-A24D-4CCE-91A0-C6C5563D2211}.Release|x86.ActiveCfg = Release|x86
		{24936306-A24D-4CCE-91A0-C6C5563D2211}.Release|x86.Build.0 = Release|x86
		{BAAF0060-79DE-4203-9238-70305FFF8C2A}.Debug|Any CPU.ActiveCfg = Debug|x86
		{BAAF0060-79DE-4203-9238-70305FFF8C2A}.Debug|Mixed Platforms.ActiveCfg = Debug|x86
		{BAAF0060-79DE-4203-9238-70305FFF8C2A}.Debug|Mixed Platforms.Build.0 = Debug|x86
		{BAAF0060-79DE-4203-9238-70305FFF8C2A}.Debug|x86.ActiveCfg = Debug|x86
		{BAAF0060-79DE-4203-9238-70305FFF8C2A}.Debug|x86.Build.0 = Debug|x86
		{BAAF0060-79DE-4203-9238-70305FFF8C2A}.Release|Any CPU.ActiveCfg = Release|x86
		{BAAF0060-79DE-4203-9238-70305FFF8C2A}.Release|Mixed Platforms.ActiveCfg = Release|x86
		{BAAF0060-79DE-4203-9238-70305FFF8C2A}.Release|Mixed Platforms.Build.0 = Release|x86
		{BAAF0060-79DE-4203-9238-70305FFF8C2A}.Release|x86.ActiveCfg = Release|x86
		{BAAF0060-79DE-4203-9238-70305FFF8C2A}.Release|x86.Build.0 = Release|x86
		{0714A2B4-4402-489E-826D-305BCD9670FD}.Debug|Any CPU.ActiveCfg = Debug|x86
		{0714A2B4-4402-489E-826D-305BCD9670FD}.Debug|Mixed Platforms.ActiveCfg = Debug|x86
		{0714A2B4-4402-489E-826D-305BCD9670FD}.Debug|Mixed Platforms.Build.0 = Debug|x86
		{0714A2B4-4402-489E-826D-305BCD9670FD}.Debug|x86.ActiveCfg = Debug|x86
		{0714A2B4-4402-489E-826D-305BCD9670FD}.Debug|x86.Build.0 = Debug|x86
		{0714A2B4-4402-489E-826D-305BCD9670FD}.Release|Any CPU.ActiveCfg = Release|x86
		{0714A2B4-4402-489E-826D-305BCD9670FD}.Release|Mixed Platforms.ActiveCfg = Release|x86
		{0714A2B4-4402-489E-826D-305BCD9670FD}.Release|Mixed Platforms.Build.0 = Release|x86
		{0714A2B4-4402-489E-826D-305BCD9670FD}.Release|x86.ActiveCfg = Release|x86
		{0714A2B4-4402-489E-826D-305BCD9670FD}.Release|x86.Build.0 = Release|x86
		{292F24C4-9986-495B-AEBE-746AC421A401}.Debug|Any CPU.ActiveCfg = Debug|x86
		{292F24C4-9986-495B-AEBE-746AC421A401}.Debug|Mixed Platforms.ActiveCfg = Debug|x86
		{292F24C4-9986-495B-AEBE-746AC421A401}.Debug|Mixed Platforms.Build.0 = Debug|x86
		{292F24C4-9986-495B-AEBE-746AC421A401}.Debug|x86.ActiveCfg = Debug|x86
		{292F24C4-9986-495B-AEBE-746AC421A401}.Debug|x86.Build.0 = Debug|x86
		{292F24C4-9986-495B-AEBE-746AC421A401}.Release|Any CPU.ActiveCfg = Release|x86
		{292F24C4-9986-495B-AEBE-746AC421A401}.Release|Mixed Platforms.ActiveCfg = Release|x86
		{292F24C4-9986-495B-AEBE-746AC421A401}.Release|Mixed Platforms.Build.0 = Release|x86
		{292F24C4-9986-495B-AEBE-746AC421A401}.Release|x86.ActiveCfg = Release|x86
		{292F24C4-9986-495B-AEBE-746AC421A401}.Release|x86.Build.0 = Release|x86
		{581F48D5-1E30-4B1A-BA35-24663D2CF371}.Debug|Any CPU.ActiveCfg = Debug|x86
		{581F48D5-1E30-4B1A-BA35-24663D2CF371}.Debug|Mixed Platforms.ActiveCfg = Debug|x86
		{581F48D5-1E30-4B1A-BA35-24663D2CF371}.Debug|Mixed Platforms.Build.0 = Debug|x86
		{581F48D5-1E30-4B1A-BA35-24663D2CF371}.Debug|x86.ActiveCfg = Debug|x86
		{581F48D5-1E30-4B1A-BA35-24663D2CF371}.Debug|x86.Build.0 = Debug|x86
		{581F48D5-1E30-4B1A-BA35-24663D2CF371}.Release|Any CPU.ActiveCfg = Release|x86
		{581F48D5-1E30-4B1A-BA35-24663D2CF371}.Release|Mixed Platforms.ActiveCfg = Release|x86
		{581F48D5-1E30-4B1A-BA35-24663D2CF371}.Release|Mixed Platforms.Build.0 = Release|x86
		{581F48D5-1E30-4B1A-BA35-24663D2CF371}.Release|x86.ActiveCfg = Release|x86
		{581F48D5-1E30-4B1A-BA35-24663D2CF371}.Release|x86.Build.0 = Release|x86
		{AE76D2C5-168C-446B-BABE-D5F93049876E}.Debug|Any CPU.ActiveCfg = Debug|x86
		{AE76D2C5-168C-446B-BABE-D5F93049876E}.Debug|Mixed Platforms.ActiveCfg = Debug|x86
		{AE76D2C5-168C-446B-BABE-D5F93049876E}.Debug|Mixed Platforms.Build.0 = Debug|x86
		{AE76D2C5-168C-446B-BABE-D5F93049876E}.Debug|x86.ActiveCfg = Debug|x86
		{AE76D2C5-168C-446B-BABE-D5F93049876E}.Debug|x86.Build.0 = Debug|x86
		{AE76D2C5-168C-446B-BABE-D5F93049876E}.Release|Any CPU.ActiveCfg = Release|x86
		{AE76D2C5-168C-446B-BABE-D5F93049876E}.Release|Mixed Platforms.ActiveCfg = Release|x86
		{AE76D2C5-168C-446B-BABE-D5F93049876E}.Release|Mixed Platforms.Build.0 = Release|x86
		{AE76D2C5-168C-446B-BABE-D5F93049876E}.Release|x86.ActiveCfg = Release|x86
		{AE76D2C5-168C-446B-BABE-D5F93049876E}.Release|x86.Build.0 = Release|x86
		{4ED44189-D208-44FE-88E1-2B6E1F5BA5FE}.Debug|Any CPU.ActiveCfg = Debug|x86
		{4ED44189-D208-44FE-88E1-2B6E1F5BA5FE}.Debug|Mixed Platforms.ActiveCfg = Debug|x86
		{4ED44189-D208-44FE-88E1-2B6E1F5BA5FE}.Debug|Mixed Platforms.Build.0 = Debug|x86
		{4ED44189-D208-44FE-88E1-2B6E1F5BA5FE}.Debug|x86.ActiveCfg = Debug|x86
		{4ED44189-D208-44FE-88E1-2B6E1F5BA5FE}.Debug|x86.Build.0 = Debug|x86
		{4ED44189-D208-44FE-88E1-2B6E1F5BA5FE}.Release|Any CPU.ActiveCfg = Release|x86
		{4ED44189-D208-44FE-88E1-2B6E1F5BA5FE}.Release|Mixed Platforms.ActiveCfg = Release|x86
		{4ED44189-D208-44FE-88E1-2B6E1F5BA5FE}.Release|Mixed Platforms.Build.0 = Release|x86
		{4ED44189-D208-44FE-88E1-2B6E1F5BA5FE}.Release|x86.ActiveCfg = Release|x86
		{4ED44189-D208-44FE-88E1-2B6E1F5BA5FE}.Release|x86.Build.0 = Release|x86
		{01C0BF89-9F06-471A-A4BC-A4C7D0158AC1}.Debug|Any CPU.ActiveCfg = Debug|x86
		{01C0BF89-9F06-471A-A4BC-A4C7D0158AC1}.Debug|Mixed Platforms.ActiveCfg = Debug|x86
		{01C0BF89-9F06-471A-A4BC-A4C7D0158AC1}.Debug|Mixed Platforms.Build.0 = Debug|x86
		{01C0BF89-9F06-471A-A4BC-A4C7D0158AC1}.Debug|x86.ActiveCfg = Debug|x86
		{01C0BF89-9F06-471A-A4BC-A4C7D0158AC1}.Debug|x86.Build.0 = Debug|x86
		{01C0BF89-9F06-471A-A4BC-A4C7D0158AC1}.Release|Any CPU.ActiveCfg = Release|x86
		{01C0BF89-9F06-471A-A4BC-A4C7D0158AC1}.Release|Mixed Platforms.ActiveCfg = Release|x86
		{01C0BF89-9F06-471A-A4BC-A4C7D0158AC1}.Release|Mixed Platforms.Build.0 = Release|x86
		{01C0BF89-9F06-471A-A4BC-A4C7D0158AC1}.Release|x86.ActiveCfg = Release|x86
		{01C0BF89-9F06-471A-A4BC-A4C7D0158AC1}.Release|x86.Build.0 = Release|x86
		{7BA52E20-FC12-4690-8A50-4969C815590C}.Debug|Any CPU.ActiveCfg = Debug|x86
		{7BA52E20-FC12-4690-8A50-4969C815590C}.Debug|Mixed Platforms.ActiveCfg = Debug|x86
		{7BA52E20-FC12-4690-8A50-4969C815590C}.Debug|Mixed Platforms.Build.0 = Debug|x86
		{7BA52E20-FC12-4690-8A50-4969C815590C}.Debug|x86.ActiveCfg = Debug|x86
		{7BA52E20-FC12-4690-8A50-4969C815590C}.Debug|x86.Build.0 = Debug|x86
		{7BA52E20-FC12-4690-8A50-4969C815590C}.Release|Any CPU.ActiveCfg = Release|x86
		{7BA52E20-FC12-4690-8A50-4969C815590C}.Release|Mixed Platforms.ActiveCfg = Release|x86
		{7BA52E20-FC12-4690-8A50-4969C815590C}.Release|Mixed Platforms.Build.0 = Release|x86
		{7BA52E20-FC12-4690-8A50-4969C815590C}.Release|x86.ActiveCfg = Release|x86
		{7BA52E20-FC12-4690-8A50-4969C815590C}.Release|x86.Build.0 = Release|x86
	EndGlobalSection
	GlobalSection(SolutionProperties) = preSolution
		HideSolutionNode = FALSE
	EndGlobalSection
EndGlobal
